<?xml version="1.0" encoding="utf-8"?>
<Project ToolsVersion="4.0" xmlns="http://schemas.microsoft.com/developer/msbuild/2003">
  <ItemGroup>
    <Filter Include="Practice">
      <UniqueIdentifier>{fa13f3d5-7199-4a36-a323-b72e0c5a39a5}</UniqueIdentifier>
    </Filter>
  </ItemGroup>
  <ItemGroup>
    <ClCompile Include="steps.cpp">
      <Filter>Practice</Filter>
    </ClCompile>
    <ClCompile Include="Animation.cpp">
      <Filter>Practice</Filter>
    </ClCompile>
    <ClCompile Include="Entities.cpp">
      <Filter>Practice</Filter>
    </ClCompile>
    <ClCompile Include="Graphics.cpp">
      <Filter>Practice</Filter>
    </ClCompile>
    <ClCompile Include="SlimeEntity.cpp">
      <Filter>Practice</Filter>
    </ClCompile>
    <ClCompile Include="HeroEntity.cpp">
      <Filter>Practice</Filter>
    </ClCompile>
    <ClCompile Include="Observer.cpp">
      <Filter>Practice</Filter>
    </ClCompile>
    <ClCompile Include="runner.cpp">
      <Filter>Practice</Filter>
    </ClCompile>
    <ClCompile Include="Timer.cpp">
      <Filter>Practice</Filter>
    </ClCompile>
    <ClCompile Include="EntitiesPool.cpp">
      <Filter>Practice</Filter>
    </ClCompile>
    <ClCompile Include="Physics.cpp">
      <Filter>Practice</Filter>
    </ClCompile>
  </ItemGroup>
  <ItemGroup>
    <ClInclude Include="Animation.h">
      <Filter>Practice</Filter>
    </ClInclude>
    <ClInclude Include="Graphics.h">
      <Filter>Practice</Filter>
    </ClInclude>
    <ClInclude Include="SlimeEntity.h">
      <Filter>Practice</Filter>
    </ClInclude>
    <ClInclude Include="HeroEntity.h">
      <Filter>Practice</Filter>
    </ClInclude>
    <ClInclude Include="Observer.h">
      <Filter>Practice</Filter>
    </ClInclude>
    <ClInclude Include="Timer.h">
      <Filter>Practice</Filter>
    </ClInclude>
    <ClInclude Include="Config.h">
      <Filter>Practice</Filter>
    </ClInclude>
    <ClInclude Include="Entities.h">
      <Filter>Practice</Filter>
    </ClInclude>
    <ClInclude Include="EntitiesPool.h">
      <Filter>Practice</Filter>
    </ClInclude>
    <ClInclude Include="Physics.h">
      <Filter>Practice</Filter>
    </ClInclude>
  </ItemGroup>
</Project>